{
  "name": "MagnetCubeTerminal",
  "lockfileVersion": 3,
  "requires": true,
  "packages": {
    "": {
      "dependencies": {
        "@react-three/rapier": "^2.0.0"
      }
    },
    "node_modules/@dimforge/rapier3d-compat": {
      "version": "0.14.0",
      "resolved": "https://registry.npmjs.org/@dimforge/rapier3d-compat/-/rapier3d-compat-0.14.0.tgz",
      "integrity": "sha512-/uHrUzS+CRQ+NQrrJCEDUkhwHlNsAAexbNXgbN9sHY+GwR+SFFAFrxRr8Llf5/AJZzqiLANdQIfJ63Cw4gJVqw=="
    },
    "node_modules/@react-three/rapier": {
      "version": "2.0.0",
      "resolved": "https://registry.npmjs.org/@react-three/rapier/-/rapier-2.0.0.tgz",
      "integrity": "sha512-nlKBfSUKaBUFBGJdCTqp8LzgJIpuZ1BJMzx19w8qlQLxhNOTz41Ldg6+qcBILaAzDUygnmdhyhCl3tTKybMqIw==",
      "dependencies": {
        "@dimforge/rapier3d-compat": "0.14.0",
        "suspend-react": "^0.1.3",
        "three-stdlib": "^2.35.12"
      },
      "peerDependencies": {
        "@react-three/fiber": "^9.0.4",
        "react": "^19",
        "three": ">=0.159.0"
      }
    },
    "node_modules/@types/draco3d": {
      "version": "1.4.10",
      "resolved": "https://registry.npmjs.org/@types/draco3d/-/draco3d-1.4.10.tgz",
      "integrity": "sha512-AX22jp8Y7wwaBgAixaSvkoG4M/+PlAcm3Qs4OW8yT9DM4xUpWKeFhLueTAyZF39pviAdcDdeJoACapiAceqNcw=="
    },
    "node_modules/@types/offscreencanvas": {
      "version": "2019.7.3",
      "resolved": "https://registry.npmjs.org/@types/offscreencanvas/-/offscreencanvas-2019.7.3.tgz",
      "integrity": "sha512-ieXiYmgSRXUDeOntE1InxjWyvEelZGP63M+cGuquuRLuIKKT1osnkXjxev9B7d1nXSug5vpunx+gNlbVxMlC9A=="
    },
    "node_modules/@types/webxr": {
      "version": "0.5.21",
      "resolved": "https://registry.npmjs.org/@types/webxr/-/webxr-0.5.21.tgz",
      "integrity": "sha512-geZIAtLzjGmgY2JUi6VxXdCrTb99A7yP49lxLr2Nm/uIK0PkkxcEi4OGhoGDO4pxCf3JwGz2GiJL2Ej4K2bKaA=="
    },
    "node_modules/draco3d": {
      "version": "1.5.7",
      "resolved": "https://registry.npmjs.org/draco3d/-/draco3d-1.5.7.tgz",
      "integrity": "sha512-m6WCKt/erDXcw+70IJXnG7M3awwQPAsZvJGX5zY7beBqpELw6RDGkYVU0W43AFxye4pDZ5i2Lbyc/NNGqwjUVQ=="
    },
    "node_modules/fflate": {
      "version": "0.6.10",
      "resolved": "https://registry.npmjs.org/fflate/-/fflate-0.6.10.tgz",
      "integrity": "sha512-IQrh3lEPM93wVCEczc9SaAOvkmcoQn/G8Bo1e8ZPlY3X3bnAxWaBdvTdvM1hP62iZp0BXWDy4vTAy4fF0+Dlpg=="
    },
    "node_modules/potpack": {
      "version": "1.0.2",
      "resolved": "https://registry.npmjs.org/potpack/-/potpack-1.0.2.tgz",
      "integrity": "sha512-choctRBIV9EMT9WGAZHn3V7t0Z2pMQyl0EZE6pFc/6ml3ssw7Dlf/oAOvFwjm1HVsqfQN8GfeFyJ+d8tRzqueQ=="
    },
    "node_modules/suspend-react": {
      "version": "0.1.3",
      "resolved": "https://registry.npmjs.org/suspend-react/-/suspend-react-0.1.3.tgz",
      "integrity": "sha512-aqldKgX9aZqpoDp3e8/BZ8Dm7x1pJl+qI3ZKxDN0i/IQTWUwBx/ManmlVJ3wowqbno6c2bmiIfs+Um6LbsjJyQ==",
      "peerDependencies": {
        "react": ">=17.0"
      }
    },
    "node_modules/three-stdlib": {
      "version": "2.35.14",
      "resolved": "https://registry.npmjs.org/three-stdlib/-/three-stdlib-2.35.14.tgz",
      "integrity": "sha512-kpCaEg59M9usFTgHC+YZNKvx7nMoLI2zQxZBV8pjoNW6vNZmGyXpaLBL09A2oLCsS3KepgMFkOuk6lRoebTNvA==",
      "dependencies": {
        "@types/draco3d": "^1.4.0",
        "@types/offscreencanvas": "^2019.6.4",
        "@types/webxr": "^0.5.2",
        "draco3d": "^1.4.1",
        "fflate": "^0.6.9",
        "potpack": "^1.0.1"
      },
      "peerDependencies": {
        "three": ">=0.128.0"
      }
    }
  }
}
